
Microsoft Visual Studio Solution File, Format Version 12.00
# Visual Studio Version 17
VisualStudioVersion = 17.1.32328.378
MinimumVisualStudioVersion = 10.0.40219.1
Project("{FAE04EC0-301F-11D3-BF4B-00C04F79EFBC}") = "Library", "Library\Library.csproj", "{EF7C9A75-76D6-46C1-A343-E559BC6BEEDC}"
EndProject
Global
	GlobalSection(SolutionConfigurationPlatforms) = preSolution
		Debug|Any CPU = Debug|Any CPU
		Release|Any CPU = Release|Any CPU
	EndGlobalSection
	GlobalSection(ProjectConfigurationPlatforms) = postSolution
		{EF7C9A75-76D6-46C1-A343-E559BC6BEEDC}.Debug|Any CPU.ActiveCfg = Debug|Any CPU
		{EF7C9A75-76D6-46C1-A343-E559BC6BEEDC}.Debug|Any CPU.Build.0 = Debug|Any CPU
		{EF7C9A75-76D6-46C1-A343-E559BC6BEEDC}.Release|Any CPU.ActiveCfg = Release|Any CPU
		{EF7C9A75-76D6-46C1-A343-E559BC6BEEDC}.Release|Any CPU.Build.0 = Release|Any CPU
	EndGlobalSection
	GlobalSection(SolutionProperties) = preSolution
		HideSolutionNode = FALSE
	EndGlobalSection
	GlobalSection(ExtensibilityGlobals) = postSolution
		SolutionGuid = {E5EC0E9C-2483-4C65-A63B-0412880FAA5F}
	EndGlobalSection
EndGlobal
